{
  "name": "algolia",
  "version": "1.0.0",
  "lockfileVersion": 1,
  "requires": true,
  "dependencies": {
    "@algolia/cache-browser-local-storage": {
      "version": "4.6.0",
      "resolved": "https://registry.npmjs.org/@algolia/cache-browser-local-storage/-/cache-browser-local-storage-4.6.0.tgz",
      "integrity": "sha512-3ObeNwZ5gfDvKPp9NXdtbBrCtz/yR1oyDu/AReG73Oanua3y30Y11p7VQzzpLe2R/gDCLOGdRgr17h11lGy1Hg==",
      "requires": {
        "@algolia/cache-common": "4.6.0"
      }
    },
    "@algolia/cache-common": {
      "version": "4.6.0",
      "resolved": "https://registry.npmjs.org/@algolia/cache-common/-/cache-common-4.6.0.tgz",
      "integrity": "sha512-mEedrPb2O3WwtiIHggFoIhTbHVCMNikxMiiN9kqmwZkdDfClfxm435OUGZfAl67rBZfc0DNs/jmPM2mUoefM9A=="
    },
    "@algolia/cache-in-memory": {
      "version": "4.6.0",
      "resolved": "https://registry.npmjs.org/@algolia/cache-in-memory/-/cache-in-memory-4.6.0.tgz",
      "integrity": "sha512-J7ayGokVWEFkuLxzgrIsPS4k1/ZndyGVpG/qPrG9RHVrs7ZogEhUSY1tbEyUlW3mGy7diIh+/52dtohDL/nbGQ==",
      "requires": {
        "@algolia/cache-common": "4.6.0"
      }
    },
    "@algolia/client-account": {
      "version": "4.6.0",
      "resolved": "https://registry.npmjs.org/@algolia/client-account/-/client-account-4.6.0.tgz",
      "integrity": "sha512-0t2yU6wNBNJgAmrARHrM1llhANyPT4Q/1wu6yEzv2WfPXlfsHwMhtKYNti4/k8eswwUt9wAri10WFV6TJI48rg==",
      "requires": {
        "@algolia/client-common": "4.6.0",
        "@algolia/client-search": "4.6.0",
        "@algolia/transporter": "4.6.0"
      }
    },
    "@algolia/client-analytics": {
      "version": "4.6.0",
      "resolved": "https://registry.npmjs.org/@algolia/client-analytics/-/client-analytics-4.6.0.tgz",
      "integrity": "sha512-7yfn9pabA21Uw2iZjW1MNN4IJUT5y/YSg+ZJ+3HqBB6SgzOOqY0N3fATsPeGuN9EqSfVnqvnIrJMS8mI0b5FzQ==",
      "requires": {
        "@algolia/client-common": "4.6.0",
        "@algolia/client-search": "4.6.0",
        "@algolia/requester-common": "4.6.0",
        "@algolia/transporter": "4.6.0"
      }
    },
    "@algolia/client-common": {
      "version": "4.6.0",
      "resolved": "https://registry.npmjs.org/@algolia/client-common/-/client-common-4.6.0.tgz",
      "integrity": "sha512-60jK0LK5H+6q6HyyMyoBBD0fIs8zZzJt6BiyJGQG90o3gUV/SnjiNxO9Bx0RRlqdkE5s0OYFu1L7P9Y5TX7oAw==",
      "requires": {
        "@algolia/requester-common": "4.6.0",
        "@algolia/transporter": "4.6.0"
      }
    },
    "@algolia/client-recommendation": {
      "version": "4.6.0",
      "resolved": "https://registry.npmjs.org/@algolia/client-recommendation/-/client-recommendation-4.6.0.tgz",
      "integrity": "sha512-j+Yb1z5QeIRDCCO+9hS9oZS3KNqRogPHDbJJsLTt6pkrs4CG2UVLVV67M977B1nzJ9OzaEki3VbpGQhRhPGNfQ==",
      "requires": {
        "@algolia/client-common": "4.6.0",
        "@algolia/requester-common": "4.6.0",
        "@algolia/transporter": "4.6.0"
      }
    },
    "@algolia/client-search": {
      "version": "4.6.0",
      "resolved": "https://registry.npmjs.org/@algolia/client-search/-/client-search-4.6.0.tgz",
      "integrity": "sha512-+qA1NA88YnXvuCKifegfgts1RQs8IzcwccQqyurz8ins4hypZL1tXN2BkrOqqDIgvYIrUvFyhv+gLO6U9PpDUA==",
      "requires": {
        "@algolia/client-common": "4.6.0",
        "@algolia/requester-common": "4.6.0",
        "@algolia/transporter": "4.6.0"
      }
    },
    "@algolia/logger-common": {
      "version": "4.6.0",
      "resolved": "https://registry.npmjs.org/@algolia/logger-common/-/logger-common-4.6.0.tgz",
      "integrity": "sha512-F+0HTGSQzJfWsX/cJq2l4eG2Y5JA6pqZ0YETyo5XJhZX4JaDrGszVKuOqp8kovZF/Ifebywxb8JdCiSUskmbig=="
    },
    "@algolia/logger-console": {
      "version": "4.6.0",
      "resolved": "https://registry.npmjs.org/@algolia/logger-console/-/logger-console-4.6.0.tgz",
      "integrity": "sha512-ers7OhfU6qBQl6s7MOe5gNUkcpa7LGrhEzDWnD0cUwLSd5BvWt7zEN69O2CZVbvAUZYlZ5zJTzMMa49s0VXrKQ==",
      "requires": {
        "@algolia/logger-common": "4.6.0"
      }
    },
    "@algolia/requester-browser-xhr": {
      "version": "4.6.0",
      "resolved": "https://registry.npmjs.org/@algolia/requester-browser-xhr/-/requester-browser-xhr-4.6.0.tgz",
      "integrity": "sha512-ugrJT25VUkoKrl5vJVFclMdogbhTiDZ38Gss4xfTiSsP/SGE/0ei5VEOMEcj/bjkurJjPky1HfJZ3ykJhIsfCA==",
      "requires": {
        "@algolia/requester-common": "4.6.0"
      }
    },
    "@algolia/requester-common": {
      "version": "4.6.0",
      "resolved": "https://registry.npmjs.org/@algolia/requester-common/-/requester-common-4.6.0.tgz",
      "integrity": "sha512-DJ5iIGBGrRudimaaFnpBFM19pv8SsXiMYuukn9q1GgQh2mPPBCBBJiezKc7+OzE1UyCVrAFBpR/hrJnflZnRdQ=="
    },
    "@algolia/requester-node-http": {
      "version": "4.6.0",
      "resolved": "https://registry.npmjs.org/@algolia/requester-node-http/-/requester-node-http-4.6.0.tgz",
      "integrity": "sha512-MPZK3oZz0jSBsqrGiPxv7LOKMUNknlaRNyRDy0v/ASIYG+GvLhGTdEzG5Eyw5tgSvBr8CWrWM5tDC31EH40Ndw==",
      "requires": {
        "@algolia/requester-common": "4.6.0"
      }
    },
    "@algolia/transporter": {
      "version": "4.6.0",
      "resolved": "https://registry.npmjs.org/@algolia/transporter/-/transporter-4.6.0.tgz",
      "integrity": "sha512-xp+HI8sB8gLCvP00scaOVPQEk5H7nboWUxrwLKyVUvtUO4o003bOfFPsH86NRyu5Dv7fzX9b8EH3rVxcLOhjqg==",
      "requires": {
        "@algolia/cache-common": "4.6.0",
        "@algolia/logger-common": "4.6.0",
        "@algolia/requester-common": "4.6.0"
      }
    },
    "algoliasearch": {
      "version": "4.6.0",
      "resolved": "https://registry.npmjs.org/algoliasearch/-/algoliasearch-4.6.0.tgz",
      "integrity": "sha512-f4QVfUYnWIGZwOupZh0RAqW8zEfpZAcZG6ZT0p6wDMztEyKBrjjbTXBk9p9uEaJqoIhFUm6TtApOxodTdHbqvw==",
      "requires": {
        "@algolia/cache-browser-local-storage": "4.6.0",
        "@algolia/cache-common": "4.6.0",
        "@algolia/cache-in-memory": "4.6.0",
        "@algolia/client-account": "4.6.0",
        "@algolia/client-analytics": "4.6.0",
        "@algolia/client-common": "4.6.0",
        "@algolia/client-recommendation": "4.6.0",
        "@algolia/client-search": "4.6.0",
        "@algolia/logger-common": "4.6.0",
        "@algolia/logger-console": "4.6.0",
        "@algolia/requester-browser-xhr": "4.6.0",
        "@algolia/requester-common": "4.6.0",
        "@algolia/requester-node-http": "4.6.0",
        "@algolia/transporter": "4.6.0"
      }
    },
    "commander": {
      "version": "6.2.0",
      "resolved": "https://registry.npmjs.org/commander/-/commander-6.2.0.tgz",
      "integrity": "sha512-zP4jEKbe8SHzKJYQmq8Y9gYjtO/POJLgIdKgV7B9qNmABVFVc+ctqSX6iXh4mCpJfRBOabiZ2YKPg8ciDw6C+Q=="
    },
    "json2csv": {
      "version": "5.0.5",
      "resolved": "https://registry.npmjs.org/json2csv/-/json2csv-5.0.5.tgz",
      "integrity": "sha512-/UyvnfuUghRM+C/AiQ02X0LS+/AKfugcwaWo/gAz1pi203v29sUMrMSNEC088i+h0EG39eSsmeL9Z0iK+9MM0A==",
      "requires": {
        "commander": "^6.1.0",
        "jsonparse": "^1.3.1",
        "lodash.get": "^4.4.2"
      }
    },
    "jsonparse": {
      "version": "1.3.1",
      "resolved": "https://registry.npmjs.org/jsonparse/-/jsonparse-1.3.1.tgz",
      "integrity": "sha1-P02uSpH6wxX3EGL4UhzCOfE2YoA="
    },
    "lodash.get": {
      "version": "4.4.2",
      "resolved": "https://registry.npmjs.org/lodash.get/-/lodash.get-4.4.2.tgz",
      "integrity": "sha1-LRd/ZS+jHpObRDjVNBSZ36OCXpk="
    }
  }
}
